
Microsoft Visual Studio Solution File, Format Version 12.00
# Visual Studio Version 16
VisualStudioVersion = 16.0.31105.61
MinimumVisualStudioVersion = 10.0.40219.1
Project("{9A19103F-16F7-4668-BE54-9A1E7A4F7556}") = "Codeworx.Battleship.Player", "Codeworx.Battleship.Player\Codeworx.Battleship.Player.csproj", "{7486B020-5201-4158-85CC-12D4F330C2F1}"
EndProject
Project("{9A19103F-16F7-4668-BE54-9A1E7A4F7556}") = "Codeworx.Battleship.Generator", "Codeworx.Battleship.Generator\Codeworx.Battleship.Generator.csproj", "{1FA89365-64E5-44E7-8C98-2C343ECE7AC3}"
EndProject
Global
	GlobalSection(SolutionConfigurationPlatforms) = preSolution
		Debug|Any CPU = Debug|Any CPU
		Release|Any CPU = Release|Any CPU
	EndGlobalSection
	GlobalSection(ProjectConfigurationPlatforms) = postSolution
		{7486B020-5201-4158-85CC-12D4F330C2F1}.Debug|Any CPU.ActiveCfg = Debug|Any CPU
		{7486B020-5201-4158-85CC-12D4F330C2F1}.Debug|Any CPU.Build.0 = Debug|Any CPU
		{7486B020-5201-4158-85CC-12D4F330C2F1}.Release|Any CPU.ActiveCfg = Release|Any CPU
		{7486B020-5201-4158-85CC-12D4F330C2F1}.Release|Any CPU.Build.0 = Release|Any CPU
		{1FA89365-64E5-44E7-8C98-2C343ECE7AC3}.Debug|Any CPU.ActiveCfg = Debug|Any CPU
		{1FA89365-64E5-44E7-8C98-2C343ECE7AC3}.Debug|Any CPU.Build.0 = Debug|Any CPU
		{1FA89365-64E5-44E7-8C98-2C343ECE7AC3}.Release|Any CPU.ActiveCfg = Release|Any CPU
		{1FA89365-64E5-44E7-8C98-2C343ECE7AC3}.Release|Any CPU.Build.0 = Release|Any CPU
	EndGlobalSection
	GlobalSection(SolutionProperties) = preSolution
		HideSolutionNode = FALSE
	EndGlobalSection
	GlobalSection(ExtensibilityGlobals) = postSolution
		SolutionGuid = {0A7F80A2-7FDF-4D7C-866B-D18A6D41C151}
	EndGlobalSection
EndGlobal
